
Microsoft Visual Studio Solution File, Format Version 12.00
# Visual Studio Version 17
VisualStudioVersion = 17.13.35825.156
MinimumVisualStudioVersion = 10.0.40219.1
Project("{FAE04EC0-301F-11D3-BF4B-00C04F79EFBC}") = "CerealDatabase", "CerealDatabase.csproj", "{7CB2F7EB-783E-4595-97E4-C8A6D9482D54}"
EndProject
Project("{FAE04EC0-301F-11D3-BF4B-00C04F79EFBC}") = "ParseFromCSV", "..\ParseFromCSV\ParseFromCSV.csproj", "{D7C31F4C-B483-4704-AF7D-338D035755D6}"
EndProject
Project("{FAE04EC0-301F-11D3-BF4B-00C04F79EFBC}") = "CerealREST", "..\CerealREST\CerealREST.csproj", "{ECEDC610-44D5-4E0C-9F1D-DAF62C70BF7C}"
EndProject
Global
	GlobalSection(SolutionConfigurationPlatforms) = preSolution
		Debug|Any CPU = Debug|Any CPU
		Release|Any CPU = Release|Any CPU
	EndGlobalSection
	GlobalSection(ProjectConfigurationPlatforms) = postSolution
		{7CB2F7EB-783E-4595-97E4-C8A6D9482D54}.Debug|Any CPU.ActiveCfg = Debug|Any CPU
		{7CB2F7EB-783E-4595-97E4-C8A6D9482D54}.Debug|Any CPU.Build.0 = Debug|Any CPU
		{7CB2F7EB-783E-4595-97E4-C8A6D9482D54}.Release|Any CPU.ActiveCfg = Release|Any CPU
		{7CB2F7EB-783E-4595-97E4-C8A6D9482D54}.Release|Any CPU.Build.0 = Release|Any CPU
		{D7C31F4C-B483-4704-AF7D-338D035755D6}.Debug|Any CPU.ActiveCfg = Debug|Any CPU
		{D7C31F4C-B483-4704-AF7D-338D035755D6}.Debug|Any CPU.Build.0 = Debug|Any CPU
		{D7C31F4C-B483-4704-AF7D-338D035755D6}.Release|Any CPU.ActiveCfg = Release|Any CPU
		{D7C31F4C-B483-4704-AF7D-338D035755D6}.Release|Any CPU.Build.0 = Release|Any CPU
		{ECEDC610-44D5-4E0C-9F1D-DAF62C70BF7C}.Debug|Any CPU.ActiveCfg = Debug|Any CPU
		{ECEDC610-44D5-4E0C-9F1D-DAF62C70BF7C}.Debug|Any CPU.Build.0 = Debug|Any CPU
		{ECEDC610-44D5-4E0C-9F1D-DAF62C70BF7C}.Release|Any CPU.ActiveCfg = Release|Any CPU
		{ECEDC610-44D5-4E0C-9F1D-DAF62C70BF7C}.Release|Any CPU.Build.0 = Release|Any CPU
	EndGlobalSection
	GlobalSection(SolutionProperties) = preSolution
		HideSolutionNode = FALSE
	EndGlobalSection
	GlobalSection(ExtensibilityGlobals) = postSolution
		SolutionGuid = {7C813105-7A22-440D-A31C-5D5E839201E0}
	EndGlobalSection
EndGlobal
